
Microsoft Visual Studio Solution File, Format Version 12.00
# Visual Studio 2012
Project("{FAE04EC0-301F-11D3-BF4B-00C04F79EFBC}") = "ClickDummy", "ClickDummy\ClickDummy.csproj", "{7CAC541B-62AD-4F27-8156-BBC4362F6DA4}"
EndProject
Global
	GlobalSection(SolutionConfigurationPlatforms) = preSolution
		Debug|Any CPU = Debug|Any CPU
		Release|Any CPU = Release|Any CPU
	EndGlobalSection
	GlobalSection(ProjectConfigurationPlatforms) = postSolution
		{7CAC541B-62AD-4F27-8156-BBC4362F6DA4}.Debug|Any CPU.ActiveCfg = Debug|Any CPU
		{7CAC541B-62AD-4F27-8156-BBC4362F6DA4}.Debug|Any CPU.Build.0 = Debug|Any CPU
		{7CAC541B-62AD-4F27-8156-BBC4362F6DA4}.Release|Any CPU.ActiveCfg = Release|Any CPU
		{7CAC541B-62AD-4F27-8156-BBC4362F6DA4}.Release|Any CPU.Build.0 = Release|Any CPU
	EndGlobalSection
	GlobalSection(SolutionProperties) = preSolution
		HideSolutionNode = FALSE
	EndGlobalSection
EndGlobal
